
Microsoft Visual Studio Solution File, Format Version 12.00
# Visual Studio Version 17
VisualStudioVersion = 17.14.37111.16 d17.14
MinimumVisualStudioVersion = 10.0.40219.1
Project("{FAE04EC0-301F-11D3-BF4B-00C04F79EFBC}") = "AvaloniaApplication1", "AvaloniaApplication1\AvaloniaApplication1.csproj", "{0FA29C3F-C58C-4E99-978A-8FE4EF14495F}"
EndProject
Global
	GlobalSection(SolutionConfigurationPlatforms) = preSolution
		Debug|Any CPU = Debug|Any CPU
		Release|Any CPU = Release|Any CPU
	EndGlobalSection
	GlobalSection(ProjectConfigurationPlatforms) = postSolution
		{0FA29C3F-C58C-4E99-978A-8FE4EF14495F}.Debug|Any CPU.ActiveCfg = Debug|Any CPU
		{0FA29C3F-C58C-4E99-978A-8FE4EF14495F}.Debug|Any CPU.Build.0 = Debug|Any CPU
		{0FA29C3F-C58C-4E99-978A-8FE4EF14495F}.Release|Any CPU.ActiveCfg = Release|Any CPU
		{0FA29C3F-C58C-4E99-978A-8FE4EF14495F}.Release|Any CPU.Build.0 = Release|Any CPU
	EndGlobalSection
	GlobalSection(SolutionProperties) = preSolution
		HideSolutionNode = FALSE
	EndGlobalSection
	GlobalSection(ExtensibilityGlobals) = postSolution
		SolutionGuid = {647FD80A-D342-4006-B9B6-93893C21A54B}
	EndGlobalSection
EndGlobal
